%{"bbmustache": {:hex, :bbmustache, "1.0.4", "7ba94f971c5afd7b6617918a4bb74705e36cab36eb84b19b6a1b7ee06427aa38", [:rebar], []},
  "certifi": {:hex, :certifi, "0.4.0", "a7966efb868b179023618d29a407548f70c52466bf1849b9e8ebd0e34b7ea11f", [:rebar3], []},
  "cf": {:hex, :cf, "0.2.2", "7f2913fff90abcabd0f489896cfeb0b0674f6c8df6c10b17a83175448029896c", [:rebar3], []},
  "combine": {:hex, :combine, "0.9.3", "192e609b48b3f2210494e26f85db1712657be1a8f15795656710317ea43fc449", [:mix], []},
  "distillery": {:hex, :distillery, "0.10.1", "14fccade4b8ab849b99e21c4bdfaa1092dbacdce8afd33f5c369c6e114385b0e", [:mix], []},
  "erlware_commons": {:hex, :erlware_commons, "0.22.0", "051bed79a34e66678c1cbeebc7b66360c827d081a0c5e2528878011e31ddcdca", [:rebar3], [{:cf, "0.2.2", [hex: :cf, optional: false]}]},
  "exrm": {:hex, :exrm, "1.0.8", "5aa8990cdfe300282828b02cefdc339e235f7916388ce99f9a1f926a9271a45d", [:mix], [{:relx, "~> 3.5", [hex: :relx, optional: false]}]},
  "exrm_deb": {:hex, :exrm_deb, "0.0.7", "f0bac3a97e3a0d7a16d82375b64a9e6c788a0bbb8f88bf2507a5c7d186e95d7b", [:mix], [{:exrm, "~> 1.0", [hex: :exrm, optional: false]}, {:timex, "~> 2.1", [hex: :timex, optional: false]}, {:vex, "~> 0.5", [hex: :vex, optional: false]}]},
  "getopt": {:hex, :getopt, "0.8.2", "b17556db683000ba50370b16c0619df1337e7af7ecbf7d64fbf8d1d6bce3109b", [:rebar], []},
  "gettext": {:hex, :gettext, "0.12.2", "4f71a0df7b0bf5693419da593b4ddde558cc28e8f56a991fbfc2b51be1d5c848", [:mix], []},
  "hackney": {:hex, :hackney, "1.6.1", "ddd22d42db2b50e6a155439c8811b8f6df61a4395de10509714ad2751c6da817", [:rebar3], [{:certifi, "0.4.0", [hex: :certifi, optional: false]}, {:idna, "1.2.0", [hex: :idna, optional: false]}, {:metrics, "1.0.1", [hex: :metrics, optional: false]}, {:mimerl, "1.0.2", [hex: :mimerl, optional: false]}, {:ssl_verify_fun, "1.1.0", [hex: :ssl_verify_fun, optional: false]}]},
  "httpoison": {:hex, :httpoison, "0.9.2", "a211a8e87403a043c41218e64df250d321f236ac57f786c6a0ccf3e9e817c819", [:mix], [{:hackney, "~> 1.6.0", [hex: :hackney, optional: false]}]},
  "idna": {:hex, :idna, "1.2.0", "ac62ee99da068f43c50dc69acf700e03a62a348360126260e87f2b54eced86b2", [:rebar3], []},
  "metrics": {:hex, :metrics, "1.0.1", "25f094dea2cda98213cecc3aeff09e940299d950904393b2a29d191c346a8486", [:rebar3], []},
  "mimerl": {:hex, :mimerl, "1.0.2", "993f9b0e084083405ed8252b99460c4f0563e41729ab42d9074fd5e52439be88", [:rebar3], []},
  "poison": {:hex, :poison, "3.0.0", "625ebd64d33ae2e65201c2c14d6c85c27cc8b68f2d0dd37828fde9c6920dd131", [:mix], []},
  "providers": {:hex, :providers, "1.6.0", "db0e2f9043ae60c0155205fcd238d68516331d0e5146155e33d1e79dc452964a", [:rebar3], [{:getopt, "0.8.2", [hex: :getopt, optional: false]}]},
  "relx": {:hex, :relx, "3.22.0", "ff7e2b5924b754a63ba1a46ba8c1901a2d6ae1418982e189cfed5937dace18da", [:rebar3], [{:bbmustache, "1.0.4", [hex: :bbmustache, optional: false]}, {:cf, "0.2.2", [hex: :cf, optional: false]}, {:erlware_commons, "0.22.0", [hex: :erlware_commons, optional: false]}, {:getopt, "0.8.2", [hex: :getopt, optional: false]}, {:providers, "1.6.0", [hex: :providers, optional: false]}]},
  "ssl_verify_fun": {:hex, :ssl_verify_fun, "1.1.0", "edee20847c42e379bf91261db474ffbe373f8acb56e9079acb6038d4e0bf414f", [:make, :rebar], []},
  "timex": {:hex, :timex, "2.2.1", "0d69012a7fd69f4cbdaa00cc5f2a5f30f1bed56072fb362ed4bddf60db343022", [:mix], [{:combine, "~> 0.7", [hex: :combine, optional: false]}, {:gettext, "~> 0.10", [hex: :gettext, optional: false]}, {:tzdata, "~> 0.1.8 or ~> 0.5", [hex: :tzdata, optional: false]}]},
  "tzdata": {:hex, :tzdata, "0.5.9", "575be217b039057a47e133b72838cbe104fb5329b19906ea4e66857001c37edb", [:mix], [{:hackney, "~> 1.0", [hex: :hackney, optional: false]}]},
  "vex": {:hex, :vex, "0.6.0", "4e79b396b2ec18cd909eed0450b19108d9631842598d46552dc05031100b7a56", [:mix], []}}
